# THIS IS AN AUTOGENERATED FILE. DO NOT EDIT THIS FILE DIRECTLY.
# yarn lockfile v1


"@babel/parser@^7.16.4":
  version "7.17.9"
  resolved "https://registry.yarnpkg.com/@babel/parser/-/parser-7.17.9.tgz#9c94189a6062f0291418ca021077983058e171ef"
  integrity sha512-vqUSBLP8dQHFPdPi9bc5GK9vRkYHJ49fsZdtoJ8EQ8ibpwk5rPKfvNIwChB0KVXcIjcepEBBd2VHC5r9Gy8ueg==

"@css-render/plugin-bem@^0.15.9":
  version "0.15.9"
  resolved "https://registry.yarnpkg.com/@css-render/plugin-bem/-/plugin-bem-0.15.9.tgz#204ccdb65fdfd293b8cbcf587c8f31633f41f513"
  integrity sha512-xASEmYIX91Pow7YPzpAZ0eyrRNINVX7j9ITNbLt88gJHRLap3P1dv3hTSLtUZTxYXVHTklZ/SfJQ9FIO3jRahg==

"@css-render/vue3-ssr@^0.15.7", "@css-render/vue3-ssr@^0.15.9":
  version "0.15.9"
  resolved "https://registry.yarnpkg.com/@css-render/vue3-ssr/-/vue3-ssr-0.15.9.tgz#59ce56a0ee417748845af9e29784235381f9b049"
  integrity sha512-b3wvEIZYjToOEAV/oUqVtcg+MPF/iSZB9VmVF7fMAAAfvVTc2kB4TZDhGZCMkGjGZxOUm1jia7q/Z9FJnJGLKw==

"@emotion/hash@~0.8.0":
  version "0.8.0"
  resolved "https://registry.yarnpkg.com/@emotion/hash/-/hash-0.8.0.tgz#bbbff68978fefdbe68ccb533bc8cbe1d1afb5413"
  integrity sha512-kBJtf7PH6aWwZ6fka3zQ0p6SBYzx4fl1LoZXE2RrnYST9Xljm7WfKJrU4g/Xr3Beg72MLrp1AWNUmuYJTL7Cow==

"@juggle/resize-observer@^3.3.1":
  version "3.3.1"
  resolved "https://registry.yarnpkg.com/@juggle/resize-observer/-/resize-observer-3.3.1.tgz#b50a781709c81e10701004214340f25475a171a0"
  integrity sha512-zMM9Ds+SawiUkakS7y94Ymqx+S0ORzpG3frZirN3l+UlXUmSUR7hF4wxCVqW+ei94JzV5kt0uXBcoOEAuiydrw==

"@popperjs/core@^2.11.5":
  version "2.11.5"
  resolved "https://registry.yarnpkg.com/@popperjs/core/-/core-2.11.5.tgz#db5a11bf66bdab39569719555b0f76e138d7bd64"
  integrity sha512-9X2obfABZuDVLCgPK9aX0a/x4jaOEweTTWE2+9sr0Qqqevj2Uv5XorvusThmc9XGYpS9yI+fhh8RTafBtGposw==

"@rollup/plugin-replace@^4.0.0":
  version "4.0.0"
  resolved "https://registry.yarnpkg.com/@rollup/plugin-replace/-/plugin-replace-4.0.0.tgz#e34c457d6a285f0213359740b43f39d969b38a67"
  integrity sha512-+rumQFiaNac9y64OHtkHGmdjm7us9bo1PlbgQfdihQtuNxzjpaB064HbRnewUOggLQxVCCyINfStkgmBeQpv1g==
  dependencies:
    "@rollup/pluginutils" "^3.1.0"
    magic-string "^0.25.7"

"@rollup/pluginutils@^3.1.0":
  version "3.1.0"
  resolved "https://registry.yarnpkg.com/@rollup/pluginutils/-/pluginutils-3.1.0.tgz#706b4524ee6dc8b103b3c995533e5ad680c02b9b"
  integrity sha512-GksZ6pr6TpIjHm8h9lSQ8pi8BE9VeubNT0OMJ3B5uZJ8pz73NPiqOtCog/x2/QzM1ENChPKxMDhiQuRHsqc+lg==
  dependencies:
    "@types/estree" "0.0.39"
    estree-walker "^1.0.1"
    picomatch "^2.2.2"

"@tauri-apps/api@^1.0.0-rc.4":
  version "1.0.0-rc.4"
  resolved "https://registry.yarnpkg.com/@tauri-apps/api/-/api-1.0.0-rc.4.tgz#454ef7b15237f3d5752bbfc09c8997a00b1e8a9b"
  integrity sha512-1HaUsx8+TzFHDoQ+Mmd6RWaMsPyZlurQHgACDt+il5e/ui6pDkumVXaS92SnY5XOcS4gBC0BkgjVfkWgcm/Oww==
  dependencies:
    type-fest "2.12.2"

"@tauri-apps/cli-darwin-arm64@1.0.0-rc.10":
  version "1.0.0-rc.10"
  resolved "https://registry.yarnpkg.com/@tauri-apps/cli-darwin-arm64/-/cli-darwin-arm64-1.0.0-rc.10.tgz#bea999bfecb88ef38b5459fff1e3d29fd41f6226"
  integrity sha512-KwnAAsR+H/U9NPF2P3UvZ0orfh/e8ng639GCvQoN/7b/EYzkLXYWGFd1sddTSSu8BM4OvIVXK1B86pn1xFohyg==

"@tauri-apps/cli-darwin-x64@1.0.0-rc.10":
  version "1.0.0-rc.10"
  resolved "https://registry.yarnpkg.com/@tauri-apps/cli-darwin-x64/-/cli-darwin-x64-1.0.0-rc.10.tgz#9b0de84671d22dc9a13b890278ccf406cc94969a"
  integrity sha512-xIH+UnZPofpx4n3aphu2SD45uPXtX3rlsI5aO0ANsDWN/esuAAwRnh+JR+NlmJXPKwy1BNz9pewczE5JO5BdqA==

"@tauri-apps/cli-linux-arm-gnueabihf@1.0.0-rc.10":
  version "1.0.0-rc.10"
  resolved "https://registry.yarnpkg.com/@tauri-apps/cli-linux-arm-gnueabihf/-/cli-linux-arm-gnueabihf-1.0.0-rc.10.tgz#6b9e9081d434855d940e78b4b364c2b1bb2752a8"
  integrity sha512-j0cVDcP7MPyOh8mC6pTiOnsGgxMc4GFlQGBUvriRkWFCrUbZPbq1Pxt/eTcroVGsT/ItCXvnYd9jEQ+e50LI3A==

"@tauri-apps/cli-linux-arm64-gnu@1.0.0-rc.10":
  version "1.0.0-rc.10"
  resolved "https://registry.yarnpkg.com/@tauri-apps/cli-linux-arm64-gnu/-/cli-linux-arm64-gnu-1.0.0-rc.10.tgz#634b3caf3cb39191551280932fe5b3d0ff8270c0"
  integrity sha512-usdftJI/Jx0Z6TK8YJaHp2BtcNlvHeIUOnh3SmThbbYzDSFDqEW2E/McbxEhJJ13FPLVMLiIZYPpH26gE3vQxw==

"@tauri-apps/cli-linux-arm64-musl@1.0.0-rc.10":
  version "1.0.0-rc.10"
  resolved "https://registry.yarnpkg.com/@tauri-apps/cli-linux-arm64-musl/-/cli-linux-arm64-musl-1.0.0-rc.10.tgz#3c356fae0e4f7eb2966297fddb1e800b0279726e"
  integrity sha512-zsOhkc477mbe5wSkNuLv+D6RmQvDiaV8rHTaur+B/pxk9F0SrCYoO0Slf6x08bIiSkjyL/gN0PxnOBbEBA0u4A==

"@tauri-apps/cli-linux-x64-gnu@1.0.0-rc.10":
  version "1.0.0-rc.10"
  resolved "https://registry.yarnpkg.com/@tauri-apps/cli-linux-x64-gnu/-/cli-linux-x64-gnu-1.0.0-rc.10.tgz#15d59c03eacc79fd4373421c42412a5191be5199"
  integrity sha512-ongWuhXieKwW+xaYPshw/59xYbZVH6JNw+KRb/054VFnfZe/ZDYbN86mCJIlegOq9WAkdc0XSm1EEDx3i9FYCg==

"@tauri-apps/cli-linux-x64-musl@1.0.0-rc.10":
  version "1.0.0-rc.10"
  resolved "https://registry.yarnpkg.com/@tauri-apps/cli-linux-x64-musl/-/cli-linux-x64-musl-1.0.0-rc.10.tgz#36fbfae8760e8aa9a62ab92a06ac871fa1a56a19"
  integrity sha512-3AXJEdhFlX/erLBXmBkRG+oWfFLMMaJALSnxvzerteSNWiaEzTngy9Mo1yeAT51FhvJ+dbYQv0BWvPPFRYzpTQ==

"@tauri-apps/cli-win32-ia32-msvc@1.0.0-rc.10":
  version "1.0.0-rc.10"
  resolved "https://registry.yarnpkg.com/@tauri-apps/cli-win32-ia32-msvc/-/cli-win32-ia32-msvc-1.0.0-rc.10.tgz#eb789d79ab207ef73263fc4468564da4901c58ef"
  integrity sha512-2SvSk9z51AfCsbch2fvX4GNo3s0b8TO/Kd9B6rDIZ7TUxwnGShJNup2+KGvBovKqFAPmgyrSbgyEMKhKc1B4iA==

"@tauri-apps/cli-win32-x64-msvc@1.0.0-rc.10":
  version "1.0.0-rc.10"
  resolved "https://registry.yarnpkg.com/@tauri-apps/cli-win32-x64-msvc/-/cli-win32-x64-msvc-1.0.0-rc.10.tgz#e8a315a71d9589f236f25e55178bdcfbfed83234"
  integrity sha512-mijSjeQGBGh6rvpkrqsSiTB4vwGprAXoDCmnIxliZ1Md4GgLMh8jzIug1UKAUmmIW1nOaQ9C9xu4wQXyoRqWHg==

"@tauri-apps/cli@^1.0.0-rc.10":
  version "1.0.0-rc.10"
  resolved "https://registry.yarnpkg.com/@tauri-apps/cli/-/cli-1.0.0-rc.10.tgz#95faac0ca838a8ee9b162a60918ffdd29d3df183"
  integrity sha512-njDei3F3mlnotnujUF0jWteZC39RCm6JNAxZpzTFvWKFI/650DoA9hHTMa6onbazVgmOWdrbMHYWU/xBC/jUTw==
  optionalDependencies:
    "@tauri-apps/cli-darwin-arm64" "1.0.0-rc.10"
    "@tauri-apps/cli-darwin-x64" "1.0.0-rc.10"
    "@tauri-apps/cli-linux-arm-gnueabihf" "1.0.0-rc.10"
    "@tauri-apps/cli-linux-arm64-gnu" "1.0.0-rc.10"
    "@tauri-apps/cli-linux-arm64-musl" "1.0.0-rc.10"
    "@tauri-apps/cli-linux-x64-gnu" "1.0.0-rc.10"
    "@tauri-apps/cli-linux-x64-musl" "1.0.0-rc.10"
    "@tauri-apps/cli-win32-ia32-msvc" "1.0.0-rc.10"
    "@tauri-apps/cli-win32-x64-msvc" "1.0.0-rc.10"

"@types/estree@0.0.39":
  version "0.0.39"
  resolved "https://registry.yarnpkg.com/@types/estree/-/estree-0.0.39.tgz#e177e699ee1b8c22d23174caaa7422644389509f"
  integrity sha512-EYNwp3bU+98cpU4lAWYYL7Zz+2gryWH1qbdDTidVd6hkiR6weksdbMadyXKXNPEkQFhXM+hVO9ZygomHXp+AIw==

"@types/jest@^27.0.1":
  version "27.4.1"
  resolved "https://registry.yarnpkg.com/@types/jest/-/jest-27.4.1.tgz#185cbe2926eaaf9662d340cc02e548ce9e11ab6d"
  integrity sha512-23iPJADSmicDVrWk+HT58LMJtzLAnB2AgIzplQuq/bSrGaxCrlvRFjGbXmamnnk/mAmCdLStiGqggu28ocUyiw==
  dependencies:
    jest-matcher-utils "^27.0.0"
    pretty-format "^27.0.0"

"@types/lodash-es@^4.17.6":
  version "4.17.6"
  resolved "https://registry.yarnpkg.com/@types/lodash-es/-/lodash-es-4.17.6.tgz#c2ed4c8320ffa6f11b43eb89e9eaeec65966a0a0"
  integrity sha512-R+zTeVUKDdfoRxpAryaQNRKk3105Rrgx2CFRClIgRGaqDTdjsm8h6IYA8ir584W3ePzkZfst5xIgDwYrlh9HLg==
  dependencies:
    "@types/lodash" "*"

"@types/lodash@*", "@types/lodash@^4.14.181":
  version "4.14.182"
  resolved "https://registry.yarnpkg.com/@types/lodash/-/lodash-4.14.182.tgz#05301a4d5e62963227eaafe0ce04dd77c54ea5c2"
  integrity sha512-/THyiqyQAP9AfARo4pF+aCGcyiQ94tX/Is2I7HofNRqoYLgN1PBoOWu2/zTA5zMxzP5EFutMtWtGAFRKUe961Q==

"@types/node@^16.11.33":
  version "16.11.33"
  resolved "https://registry.yarnpkg.com/@types/node/-/node-16.11.33.tgz#566713b1b626f781c5c58fe3531307283e00720c"
  integrity sha512-0PJ0vg+JyU0MIan58IOIFRtSvsb7Ri+7Wltx2qAg94eMOrpg4+uuP3aUHCpxXc1i0jCXiC+zIamSZh3l9AbcQA==

"@types/node@~14.14.31":
  version "14.14.45"
  resolved "https://registry.yarnpkg.com/@types/node/-/node-14.14.45.tgz#ec2dfb5566ff814d061aef7e141575aedba245cf"
  integrity sha512-DssMqTV9UnnoxDWu959sDLZzfvqCF0qDNRjaWeYSui9xkFe61kKo4l1TWNTQONpuXEm+gLMRvdlzvNHBamzmEw==

"@types/node@~17.0.5":
  version "17.0.29"
  resolved "https://registry.yarnpkg.com/@types/node/-/node-17.0.29.tgz#7f2e1159231d4a077bb660edab0fde373e375a3d"
  integrity sha512-tx5jMmMFwx7wBwq/V7OohKDVb/JwJU5qCVkeLMh1//xycAJ/ESuw9aJ9SEtlCZDYi2pBfe4JkisSoAtbOsBNAA==

"@vicons/fa@^0.12.0":
  version "0.12.0"
  resolved "https://registry.yarnpkg.com/@vicons/fa/-/fa-0.12.0.tgz#a5f92db45990f8a47b5eeedcdb9b673f0dababc8"
  integrity sha512-g2PIeJLsTHUjt6bK63LxqC0uYQB7iu+xViJOxvp1s8b9/akpXVPVWjDTTsP980/0KYyMMe4U7F/aUo7wY+MsXA==

"@vicons/utils@^0.1.4":
  version "0.1.4"
  resolved "https://registry.yarnpkg.com/@vicons/utils/-/utils-0.1.4.tgz#accea9226ff0078ebd80d00dcb63ef5e74b210ff"
  integrity sha512-OHI19qVNN6i+uPQ+Y3f2s0dUxwsYnOCcKBW7XOU4yXXO1aU3ZoKpblCc3+4N0qmgoJs5rWKRAaMisipqEXJwAg==
  dependencies:
    "@xicons/utils" "^0.1.4"

"@vitejs/plugin-vue@^2.3.1":
  version "2.3.1"
  resolved "https://registry.yarnpkg.com/@vitejs/plugin-vue/-/plugin-vue-2.3.1.tgz#5f286b8d3515381c6d5c8fa8eee5e6335f727e14"
  integrity sha512-YNzBt8+jt6bSwpt7LP890U1UcTOIZZxfpE5WOJ638PNxSEKOqAi0+FSKS0nVeukfdZ0Ai/H7AFd6k3hayfGZqQ==

"@vue/compiler-core@3.2.33":
  version "3.2.33"
  resolved "https://registry.yarnpkg.com/@vue/compiler-core/-/compiler-core-3.2.33.tgz#e915d59cce85898f5c5cfebe4c09e539278c3d59"
  integrity sha512-AAmr52ji3Zhk7IKIuigX2osWWsb2nQE5xsdFYjdnmtQ4gymmqXbjLvkSE174+fF3A3kstYrTgGkqgOEbsdLDpw==
  dependencies:
    "@babel/parser" "^7.16.4"
    "@vue/shared" "3.2.33"
    estree-walker "^2.0.2"
    source-map "^0.6.1"

"@vue/compiler-dom@3.2.33":
  version "3.2.33"
  resolved "https://registry.yarnpkg.com/@vue/compiler-dom/-/compiler-dom-3.2.33.tgz#6db84296f949f18e5d3e7fd5e80f943dbed7d5ec"
  integrity sha512-GhiG1C8X98Xz9QUX/RlA6/kgPBWJkjq0Rq6//5XTAGSYrTMBgcLpP9+CnlUg1TFxnnCVughAG+KZl28XJqw8uQ==
  dependencies:
    "@vue/compiler-core" "3.2.33"
    "@vue/shared" "3.2.33"

"@vue/compiler-sfc@3.2.33":
  version "3.2.33"
  resolved "https://registry.yarnpkg.com/@vue/compiler-sfc/-/compiler-sfc-3.2.33.tgz#7ce01dc947a8b76c099811dc6ca58494d4dc773d"
  integrity sha512-H8D0WqagCr295pQjUYyO8P3IejM3vEzeCO1apzByAEaAR/WimhMYczHfZVvlCE/9yBaEu/eu9RdiWr0kF8b71Q==
  dependencies:
    "@babel/parser" "^7.16.4"
    "@vue/compiler-core" "3.2.33"
    "@vue/compiler-dom" "3.2.33"
    "@vue/compiler-ssr" "3.2.33"
    "@vue/reactivity-transform" "3.2.33"
    "@vue/shared" "3.2.33"
    estree-walker "^2.0.2"
    magic-string "^0.25.7"
    postcss "^8.1.10"
    source-map "^0.6.1"

"@vue/compiler-ssr@3.2.33":
  version "3.2.33"
  resolved "https://registry.yarnpkg.com/@vue/compiler-ssr/-/compiler-ssr-3.2.33.tgz#3e820267e4eea48fde9519f006dedca3f5e42e71"
  integrity sha512-XQh1Xdk3VquDpXsnoCd7JnMoWec9CfAzQDQsaMcSU79OrrO2PNR0ErlIjm/mGq3GmBfkQjzZACV+7GhfRB8xMQ==
  dependencies:
    "@vue/compiler-dom" "3.2.33"
    "@vue/shared" "3.2.33"

"@vue/devtools-api@^6.0.0":
  version "6.1.4"
  resolved "https://registry.yarnpkg.com/@vue/devtools-api/-/devtools-api-6.1.4.tgz#b4aec2f4b4599e11ba774a50c67fa378c9824e53"
  integrity sha512-IiA0SvDrJEgXvVxjNkHPFfDx6SXw0b/TUkqMcDZWNg9fnCAHbTpoo59YfJ9QLFkwa3raau5vSlRVzMSLDnfdtQ==

"@vue/reactivity-transform@3.2.33":
  version "3.2.33"
  resolved "https://registry.yarnpkg.com/@vue/reactivity-transform/-/reactivity-transform-3.2.33.tgz#286063f44ca56150ae9b52f8346a26e5913fa699"
  integrity sha512-4UL5KOIvSQb254aqenW4q34qMXbfZcmEsV/yVidLUgvwYQQ/D21bGX3DlgPUGI3c4C+iOnNmDCkIxkILoX/Pyw==
  dependencies:
    "@babel/parser" "^7.16.4"
    "@vue/compiler-core" "3.2.33"
    "@vue/shared" "3.2.33"
    estree-walker "^2.0.2"
    magic-string "^0.25.7"

"@vue/reactivity@3.2.33":
  version "3.2.33"
  resolved "https://registry.yarnpkg.com/@vue/reactivity/-/reactivity-3.2.33.tgz#c84eedb5225138dbfc2472864c151d3efbb4b673"
  integrity sha512-62Sq0mp9/0bLmDuxuLD5CIaMG2susFAGARLuZ/5jkU1FCf9EDbwUuF+BO8Ub3Rbodx0ziIecM/NsmyjardBxfQ==
  dependencies:
    "@vue/shared" "3.2.33"

"@vue/runtime-core@3.2.33":
  version "3.2.33"
  resolved "https://registry.yarnpkg.com/@vue/runtime-core/-/runtime-core-3.2.33.tgz#2df8907c85c37c3419fbd1bdf1a2df097fa40df2"
  integrity sha512-N2D2vfaXsBPhzCV3JsXQa2NECjxP3eXgZlFqKh4tgakp3iX6LCGv76DLlc+IfFZq+TW10Y8QUfeihXOupJ1dGw==
  dependencies:
    "@vue/reactivity" "3.2.33"
    "@vue/shared" "3.2.33"

"@vue/runtime-dom@3.2.33":
  version "3.2.33"
  resolved "https://registry.yarnpkg.com/@vue/runtime-dom/-/runtime-dom-3.2.33.tgz#123b8969247029ea0d9c1983676d4706a962d848"
  integrity sha512-LSrJ6W7CZTSUygX5s8aFkraDWlO6K4geOwA3quFF2O+hC3QuAMZt/0Xb7JKE3C4JD4pFwCSO7oCrZmZ0BIJUnw==
  dependencies:
    "@vue/runtime-core" "3.2.33"
    "@vue/shared" "3.2.33"
    csstype "^2.6.8"

"@vue/server-renderer@3.2.33":
  version "3.2.33"
  resolved "https://registry.yarnpkg.com/@vue/server-renderer/-/server-renderer-3.2.33.tgz#4b45d6d2ae10ea4e3d2cf8e676804cf60f331979"
  integrity sha512-4jpJHRD4ORv8PlbYi+/MfP8ec1okz6rybe36MdpkDrGIdEItHEUyaHSKvz+ptNEyQpALmmVfRteHkU9F8vxOew==
  dependencies:
    "@vue/compiler-ssr" "3.2.33"
    "@vue/shared" "3.2.33"

"@vue/shared@3.2.33":
  version "3.2.33"
  resolved "https://registry.yarnpkg.com/@vue/shared/-/shared-3.2.33.tgz#69a8c99ceb37c1b031d5cc4aec2ff1dc77e1161e"
  integrity sha512-UBc1Pg1T3yZ97vsA2ueER0F6GbJebLHYlEi4ou1H5YL4KWvMOOWwpYo9/QpWq93wxKG6Wo13IY74Hcn/f7c7Bg==

"@vueform/slider@^2.0.10":
  version "2.0.10"
  resolved "https://registry.yarnpkg.com/@vueform/slider/-/slider-2.0.10.tgz#f72358c8528cac000dc739d5d9355bce37ce9537"
  integrity sha512-FRFKEdICDWWrK7P+rzQiqryFlAnDgy+ZYha9zaFg8Z/9dsSby5DAF4TaaqnUxezkAT22j7O0Ho7Eft+oaViieA==

"@xicons/utils@^0.1.4":
  version "0.1.4"
  resolved "https://registry.yarnpkg.com/@xicons/utils/-/utils-0.1.4.tgz#cece50613b34d4b4c71e73bb0be92981067e11e1"
  integrity sha512-uXxKDLz9abr80yJC05XSTq6wlyFcdW+N/1IYJkeHjzzXVc4VQ0sEYMoMMTjAH7HQBOyOkzOB4pf5NGF72lwa8Q==
  dependencies:
    css-render "^0.13.2"

ajv-i18n@^4.2.0:
  version "4.2.0"
  resolved "https://registry.yarnpkg.com/ajv-i18n/-/ajv-i18n-4.2.0.tgz#d48750ba60e283b3dee31e3c22c8c9f7410e326f"
  integrity sha512-v/ei2UkCEeuKNXh8RToiFsUclmU+G57LO1Oo22OagNMENIw+Yb8eMwvHu7Vn9fmkjJyv6XclhJ8TbuigSglPkg==

ajv@^6.10.2:
  version "6.12.6"
  resolved "https://registry.yarnpkg.com/ajv/-/ajv-6.12.6.tgz#baf5a62e802b07d977034586f8c3baf5adf26df4"
  integrity sha512-j3fVLgvTo527anyYyJOGTYJbG+vnnQYvE0m5mmkc1TK+nxAppkCLMIL0aZ4dblVCNoGShhm+kzE4ZUykBoMg4g==
  dependencies:
    fast-deep-equal "^3.1.1"
    fast-json-stable-stringify "^2.0.0"
    json-schema-traverse "^0.4.1"
    uri-js "^4.2.2"

ansi-regex@^5.0.1:
  version "5.0.1"
  resolved "https://registry.yarnpkg.com/ansi-regex/-/ansi-regex-5.0.1.tgz#082cb2c89c9fe8659a311a53bd6a4dc5301db304"
  integrity sha512-quJQXlTSUGL2LH9SUXo8VwsY4soanhgo6LNSm84E1LBcE8s3O0wpdiRzyR9z/ZZJMlMWv37qOOb9pdJlMUEKFQ==

ansi-styles@^4.1.0:
  version "4.3.0"
  resolved "https://registry.yarnpkg.com/ansi-styles/-/ansi-styles-4.3.0.tgz#edd803628ae71c04c85ae7a0906edad34b648937"
  integrity sha512-zbB9rCJAT1rbjiVDb2hqKFHNYLxgtk8NURxZ3IZwD3F6NtxbXZQCnnSi1Lkx+IDohdPlFp222wVALIheZJQSEg==
  dependencies:
    color-convert "^2.0.1"

ansi-styles@^5.0.0:
  version "5.2.0"
  resolved "https://registry.yarnpkg.com/ansi-styles/-/ansi-styles-5.2.0.tgz#07449690ad45777d1924ac2abb2fc8895dba836b"
  integrity sha512-Cxwpt2SfTzTtXcfOlzGEee8O+c+MmUgGrNiBcXnuWxuFJHe6a5Hz7qwhwe5OgaSYI0IJvkLqWX1ASG+cJOkEiA==

anymatch@~3.1.2:
  version "3.1.2"
  resolved "https://registry.yarnpkg.com/anymatch/-/anymatch-3.1.2.tgz#c0557c096af32f106198f4f4e2a383537e378716"
  integrity sha512-P43ePfOAIupkguHUycrc4qJ9kz8ZiuOUijaETwX7THt0Y/GNK7v0aa8rY816xWjZ7rJdA5XdMcpVFTKMq+RvWg==
  dependencies:
    normalize-path "^3.0.0"
    picomatch "^2.0.4"

async-validator@^4.0.7:
  version "4.1.1"
  resolved "https://registry.yarnpkg.com/async-validator/-/async-validator-4.1.1.tgz#3cd1437faa2de64743f7d56649dd904c946a18fe"
  integrity sha512-p4DO/JXwjs8klJyJL8Q2oM4ks5fUTze/h5k10oPPKMiLe1fj3G1QMzPHNmN1Py4ycOk7WlO2DcGXv1qiESJCZA==

binary-extensions@^2.0.0:
  version "2.2.0"
  resolved "https://registry.yarnpkg.com/binary-extensions/-/binary-extensions-2.2.0.tgz#75f502eeaf9ffde42fc98829645be4ea76bd9e2d"
  integrity sha512-jDctJ/IVQbZoJykoeHbhXpOlNBqGNcwXJKJog42E5HDPUwQTSdjCHdihjj0DlnheQ7blbT6dHOafNAiS8ooQKA==

bootstrap-vue-3@^0.1.10:
  version "0.1.11"
  resolved "https://registry.yarnpkg.com/bootstrap-vue-3/-/bootstrap-vue-3-0.1.11.tgz#50f1ac1f05247e7bddbdd20c51a71089eced682c"
  integrity sha512-Cb9AmbGwVNxSD63mxehtWc0O4maSLXsUy0SjIl3rzwPGFU4AePqR2xmmRKLfRU234vzu+gNySMUwU64f/Yrnow==
  dependencies:
    core-js "3.x.x"

bootstrap@^5.1.3:
  version "5.1.3"
  resolved "https://registry.yarnpkg.com/bootstrap/-/bootstrap-5.1.3.tgz#ba081b0c130f810fa70900acbc1c6d3c28fa8f34"
  integrity sha512-fcQztozJ8jToQWXxVuEyXWW+dSo8AiXWKwiSSrKWsRB/Qt+Ewwza+JWoLKiTuQLaEPhdNAJ7+Dosc9DOIqNy7Q==

braces@~3.0.2:
  version "3.0.2"
  resolved "https://registry.yarnpkg.com/braces/-/braces-3.0.2.tgz#3454e1a462ee8d599e236df336cd9ea4f8afe107"
  integrity sha512-b8um+L1RzM3WDSzvhm6gIz1yfTbBt6YTlcEKAvsmqCZZFw46z626lVj9j1yEPW33H5H+lBQpZMP1k8l+78Ha0A==
  dependencies:
    fill-range "^7.0.1"

chalk@^4.0.0:
  version "4.1.2"
  resolved "https://registry.yarnpkg.com/chalk/-/chalk-4.1.2.tgz#aac4e2b7734a740867aeb16bf02aad556a1e7a01"
  integrity sha512-oKnbhFyRIXpUuez8iBMmyEa4nbj4IOQyuhc/wy9kY7/WVPcwIO9VA668Pu8RkO7+0G76SLROeyw9CpQ061i4mA==
  dependencies:
    ansi-styles "^4.1.0"
    supports-color "^7.1.0"

"chokidar@>=3.0.0 <4.0.0":
  version "3.5.3"
  resolved "https://registry.yarnpkg.com/chokidar/-/chokidar-3.5.3.tgz#1cf37c8707b932bd1af1ae22c0432e2acd1903bd"
  integrity sha512-Dr3sfKRP6oTcjf2JmUmFJfeVMvXBdegxB0iVQ5eb2V10uFJUCAS8OByZdVAyVb8xXNz3GjjTgj9kLWsZTqE6kw==
  dependencies:
    anymatch "~3.1.2"
    braces "~3.0.2"
    glob-parent "~5.1.2"
    is-binary-path "~2.1.0"
    is-glob "~4.0.1"
    normalize-path "~3.0.0"
    readdirp "~3.6.0"
  optionalDependencies:
    fsevents "~2.3.2"

color-convert@^2.0.1:
  version "2.0.1"
  resolved "https://registry.yarnpkg.com/color-convert/-/color-convert-2.0.1.tgz#72d3a68d598c9bdb3af2ad1e84f21d896abd4de3"
  integrity sha512-RRECPsj7iu/xb5oKYcsFHSppFNnsj/52OVTRKb4zP5onXwVF3zVmmToNcOfGC+CRDpfK/U584fMg38ZHCaElKQ==
  dependencies:
    color-name "~1.1.4"

color-name@~1.1.4:
  version "1.1.4"
  resolved "https://registry.yarnpkg.com/color-name/-/color-name-1.1.4.tgz#c2a09a87acbde69543de6f63fa3995c826c536a2"
  integrity sha512-dOy+3AuW3a2wNbZHIuMZpTcgjGuLU/uBL/ubcZF9OXbDo8ff4O8yVp5Bf0efS8uEoYo5q4Fx7dY9OgQGXgAsQA==

core-js@3.x.x:
  version "3.22.2"
  resolved "https://registry.yarnpkg.com/core-js/-/core-js-3.22.2.tgz#3ea0a245b0895fa39d1faa15fe75d91ade504a01"
  integrity sha512-Z5I2vzDnEIqO2YhELVMFcL1An2CIsFe9Q7byZhs8c/QxummxZlAHw33TUHbIte987LkisOgL0LwQ1P9D6VISnA==

css-render@^0.13.2:
  version "0.13.9"
  resolved "https://registry.yarnpkg.com/css-render/-/css-render-0.13.9.tgz#56f28c180a83a10ec610a12a9ad9fec087ac9dc1"
  integrity sha512-n3C4ZH59rveBrUlAD7n0Ze9/gUMKa4dlH1C9CWKpGcIHR/xRcIVXzBGy1iw8WWq2ySmn2/ZqOpySQNAK5Pb6sw==
  dependencies:
    "@emotion/hash" "~0.8.0"
    "@types/node" "~14.14.31"
    csstype "~3.0.5"

css-render@^0.15.7, css-render@^0.15.9:
  version "0.15.9"
  resolved "https://registry.yarnpkg.com/css-render/-/css-render-0.15.9.tgz#1bf0d3fe4d1202a236c38f2e9cf7915c0f0c6751"
  integrity sha512-FMVcWsVipKEBR/mVf1+pIjCRQdztILVKxbp8TN5/Vf0Q/fdTq0OIb8JRW/pk7PP1eeWnB/ejQ0MNBe7ELjLblg==
  dependencies:
    "@emotion/hash" "~0.8.0"
    "@types/node" "~17.0.5"
    csstype "~3.0.5"

csstype@^2.6.8:
  version "2.6.20"
  resolved "https://registry.yarnpkg.com/csstype/-/csstype-2.6.20.tgz#9229c65ea0b260cf4d3d997cb06288e36a8d6dda"
  integrity sha512-/WwNkdXfckNgw6S5R125rrW8ez139lBHWouiBvX8dfMFtcn6V81REDqnH7+CRpRipfYlyU1CmOnOxrmGcFOjeA==

csstype@~3.0.5:
  version "3.0.11"
  resolved "https://registry.yarnpkg.com/csstype/-/csstype-3.0.11.tgz#d66700c5eacfac1940deb4e3ee5642792d85cd33"
  integrity sha512-sa6P2wJ+CAbgyy4KFssIb/JNMLxFvKF1pCYCSXS8ZMuqZnMsrxqI2E5sPyoTpxoPU/gVZMzr2zjOfg8GIZOMsw==

date-fns-tz@^1.3.3:
  version "1.3.3"
  resolved "https://registry.yarnpkg.com/date-fns-tz/-/date-fns-tz-1.3.3.tgz#7884a4b3ed6cd95bfd81831d608e5ef8be500c86"
  integrity sha512-Gks46gwbSauBQnV3Oofluj1wTm8J0tM7sbSJ9P+cJq/ZnTCpMohTKmmO5Tn+jQ7dyn0+b8G7cY4O2DZ5P/LXcA==

date-fns@^2.28.0:
  version "2.28.0"
  resolved "https://registry.yarnpkg.com/date-fns/-/date-fns-2.28.0.tgz#9570d656f5fc13143e50c975a3b6bbeb46cd08b2"
  integrity sha512-8d35hViGYx/QH0icHYCeLmsLmMUheMmTyV9Fcm6gvNwdw31yXXH+O85sOBJ+OLnLQMKZowvpKb6FgMIQjcpvQw==

diff-sequences@^27.5.1:
  version "27.5.1"
  resolved "https://registry.yarnpkg.com/diff-sequences/-/diff-sequences-27.5.1.tgz#eaecc0d327fd68c8d9672a1e64ab8dccb2ef5327"
  integrity sha512-k1gCAXAsNgLwEL+Y8Wvl+M6oEFj5bgazfZULpS5CneoPPXRaCCW7dm+q21Ky2VEE5X+VeRDBVg1Pcvvsr4TtNQ==

encoding@^0.1.13:
  version "0.1.13"
  resolved "https://registry.yarnpkg.com/encoding/-/encoding-0.1.13.tgz#56574afdd791f54a8e9b2785c0582a2d26210fa9"
  integrity sha512-ETBauow1T35Y/WZMkio9jiM0Z5xjHHmJ4XmjZOq1l/dXz3lr2sRn87nJy20RupqSh1F2m3HHPSp8ShIPQJrJ3A==
  dependencies:
    iconv-lite "^0.6.2"

esbuild-android-64@0.14.38:
  version "0.14.38"
  resolved "https://registry.yarnpkg.com/esbuild-android-64/-/esbuild-android-64-0.14.38.tgz#5b94a1306df31d55055f64a62ff6b763a47b7f64"
  integrity sha512-aRFxR3scRKkbmNuGAK+Gee3+yFxkTJO/cx83Dkyzo4CnQl/2zVSurtG6+G86EQIZ+w+VYngVyK7P3HyTBKu3nw==

esbuild-android-arm64@0.14.38:
  version "0.14.38"
  resolved "https://registry.yarnpkg.com/esbuild-android-arm64/-/esbuild-android-arm64-0.14.38.tgz#78acc80773d16007de5219ccce544c036abd50b8"
  integrity sha512-L2NgQRWuHFI89IIZIlpAcINy9FvBk6xFVZ7xGdOwIm8VyhX1vNCEqUJO3DPSSy945Gzdg98cxtNt8Grv1CsyhA==

esbuild-darwin-64@0.14.38:
  version "0.14.38"
  resolved "https://registry.yarnpkg.com/esbuild-darwin-64/-/esbuild-darwin-64-0.14.38.tgz#e02b1291f629ebdc2aa46fabfacc9aa28ff6aa46"
  integrity sha512-5JJvgXkX87Pd1Og0u/NJuO7TSqAikAcQQ74gyJ87bqWRVeouky84ICoV4sN6VV53aTW+NE87qLdGY4QA2S7KNA==

esbuild-darwin-arm64@0.14.38:
  version "0.14.38"
  resolved "https://registry.yarnpkg.com/esbuild-darwin-arm64/-/esbuild-darwin-arm64-0.14.38.tgz#01eb6650ec010b18c990e443a6abcca1d71290a9"
  integrity sha512-eqF+OejMI3mC5Dlo9Kdq/Ilbki9sQBw3QlHW3wjLmsLh+quNfHmGMp3Ly1eWm981iGBMdbtSS9+LRvR2T8B3eQ==

esbuild-freebsd-64@0.14.38:
  version "0.14.38"
  resolved "https://registry.yarnpkg.com/esbuild-freebsd-64/-/esbuild-freebsd-64-0.14.38.tgz#790b8786729d4aac7be17648f9ea8e0e16475b5e"
  integrity sha512-epnPbhZUt93xV5cgeY36ZxPXDsQeO55DppzsIgWM8vgiG/Rz+qYDLmh5ts3e+Ln1wA9dQ+nZmVHw+RjaW3I5Ig==

esbuild-freebsd-arm64@0.14.38:
  version "0.14.38"
  resolved "https://registry.yarnpkg.com/esbuild-freebsd-arm64/-/esbuild-freebsd-arm64-0.14.38.tgz#b66340ab28c09c1098e6d9d8ff656db47d7211e6"
  integrity sha512-/9icXUYJWherhk+y5fjPI5yNUdFPtXHQlwP7/K/zg8t8lQdHVj20SqU9/udQmeUo5pDFHMYzcEFfJqgOVeKNNQ==

esbuild-linux-32@0.14.38:
  version "0.14.38"
  resolved "https://registry.yarnpkg.com/esbuild-linux-32/-/esbuild-linux-32-0.14.38.tgz#7927f950986fd39f0ff319e92839455912b67f70"
  integrity sha512-QfgfeNHRFvr2XeHFzP8kOZVnal3QvST3A0cgq32ZrHjSMFTdgXhMhmWdKzRXP/PKcfv3e2OW9tT9PpcjNvaq6g==

esbuild-linux-64@0.14.38:
  version "0.14.38"
  resolved "https://registry.yarnpkg.com/esbuild-linux-64/-/esbuild-linux-64-0.14.38.tgz#4893d07b229d9cfe34a2b3ce586399e73c3ac519"
  integrity sha512-uuZHNmqcs+Bj1qiW9k/HZU3FtIHmYiuxZ/6Aa+/KHb/pFKr7R3aVqvxlAudYI9Fw3St0VCPfv7QBpUITSmBR1Q==

esbuild-linux-arm64@0.14.38:
  version "0.14.38"
  resolved "https://registry.yarnpkg.com/esbuild-linux-arm64/-/esbuild-linux-arm64-0.14.38.tgz#8442402e37d0b8ae946ac616784d9c1a2041056a"
  integrity sha512-HlMGZTEsBrXrivr64eZ/EO0NQM8H8DuSENRok9d+Jtvq8hOLzrxfsAT9U94K3KOGk2XgCmkaI2KD8hX7F97lvA==

esbuild-linux-arm@0.14.38:
  version "0.14.38"
  resolved "https://registry.yarnpkg.com/esbuild-linux-arm/-/esbuild-linux-arm-0.14.38.tgz#d5dbf32d38b7f79be0ec6b5fb2f9251fd9066986"
  integrity sha512-FiFvQe8J3VKTDXG01JbvoVRXQ0x6UZwyrU4IaLBZeq39Bsbatd94Fuc3F1RGqPF5RbIWW7RvkVQjn79ejzysnA==

esbuild-linux-mips64le@0.14.38:
  version "0.14.38"
  resolved "https://registry.yarnpkg.com/esbuild-linux-mips64le/-/esbuild-linux-mips64le-0.14.38.tgz#95081e42f698bbe35d8ccee0e3a237594b337eb5"
  integrity sha512-qd1dLf2v7QBiI5wwfil9j0HG/5YMFBAmMVmdeokbNAMbcg49p25t6IlJFXAeLzogv1AvgaXRXvgFNhScYEUXGQ==

esbuild-linux-ppc64le@0.14.38:
  version "0.14.38"
  resolved "https://registry.yarnpkg.com/esbuild-linux-ppc64le/-/esbuild-linux-ppc64le-0.14.38.tgz#dceb0a1b186f5df679618882a7990bd422089b47"
  integrity sha512-mnbEm7o69gTl60jSuK+nn+pRsRHGtDPfzhrqEUXyCl7CTOCLtWN2bhK8bgsdp6J/2NyS/wHBjs1x8aBWwP2X9Q==

esbuild-linux-riscv64@0.14.38:
  version "0.14.38"
  resolved "https://registry.yarnpkg.com/esbuild-linux-riscv64/-/esbuild-linux-riscv64-0.14.38.tgz#61fb8edb75f475f9208c4a93ab2bfab63821afd2"
  integrity sha512-+p6YKYbuV72uikChRk14FSyNJZ4WfYkffj6Af0/Tw63/6TJX6TnIKE+6D3xtEc7DeDth1fjUOEqm+ApKFXbbVQ==

esbuild-linux-s390x@0.14.38:
  version "0.14.38"
  resolved "https://registry.yarnpkg.com/esbuild-linux-s390x/-/esbuild-linux-s390x-0.14.38.tgz#34c7126a4937406bf6a5e69100185fd702d12fe0"
  integrity sha512-0zUsiDkGJiMHxBQ7JDU8jbaanUY975CdOW1YDrurjrM0vWHfjv9tLQsW9GSyEb/heSK1L5gaweRjzfUVBFoybQ==

esbuild-netbsd-64@0.14.38:
  version "0.14.38"
  resolved "https://registry.yarnpkg.com/esbuild-netbsd-64/-/esbuild-netbsd-64-0.14.38.tgz#322ea9937d9e529183ee281c7996b93eb38a5d95"
  integrity sha512-cljBAApVwkpnJZfnRVThpRBGzCi+a+V9Ofb1fVkKhtrPLDYlHLrSYGtmnoTVWDQdU516qYI8+wOgcGZ4XIZh0Q==

esbuild-openbsd-64@0.14.38:
  version "0.14.38"
  resolved "https://registry.yarnpkg.com/esbuild-openbsd-64/-/esbuild-openbsd-64-0.14.38.tgz#1ca29bb7a2bf09592dcc26afdb45108f08a2cdbd"
  integrity sha512-CDswYr2PWPGEPpLDUO50mL3WO/07EMjnZDNKpmaxUPsrW+kVM3LoAqr/CE8UbzugpEiflYqJsGPLirThRB18IQ==

esbuild-sunos-64@0.14.38:
  version "0.14.38"
  resolved "https://registry.yarnpkg.com/esbuild-sunos-64/-/esbuild-sunos-64-0.14.38.tgz#c9446f7d8ebf45093e7bb0e7045506a88540019b"
  integrity sha512-2mfIoYW58gKcC3bck0j7lD3RZkqYA7MmujFYmSn9l6TiIcAMpuEvqksO+ntBgbLep/eyjpgdplF7b+4T9VJGOA==

esbuild-windows-32@0.14.38:
  version "0.14.38"
  resolved "https://registry.yarnpkg.com/esbuild-windows-32/-/esbuild-windows-32-0.14.38.tgz#f8e9b4602fd0ccbd48e5c8d117ec0ba4040f2ad1"
  integrity sha512-L2BmEeFZATAvU+FJzJiRLFUP+d9RHN+QXpgaOrs2klshoAm1AE6Us4X6fS9k33Uy5SzScn2TpcgecbqJza1Hjw==

esbuild-windows-64@0.14.38:
  version "0.14.38"
  resolved "https://registry.yarnpkg.com/esbuild-windows-64/-/esbuild-windows-64-0.14.38.tgz#280f58e69f78535f470905ce3e43db1746518107"
  integrity sha512-Khy4wVmebnzue8aeSXLC+6clo/hRYeNIm0DyikoEqX+3w3rcvrhzpoix0S+MF9vzh6JFskkIGD7Zx47ODJNyCw==

esbuild-windows-arm64@0.14.38:
  version "0.14.38"
  resolved "https://registry.yarnpkg.com/esbuild-windows-arm64/-/esbuild-windows-arm64-0.14.38.tgz#d97e9ac0f95a4c236d9173fa9f86c983d6a53f54"
  integrity sha512-k3FGCNmHBkqdJXuJszdWciAH77PukEyDsdIryEHn9cKLQFxzhT39dSumeTuggaQcXY57UlmLGIkklWZo2qzHpw==

esbuild@^0.14.27:
  version "0.14.38"
  resolved "https://registry.yarnpkg.com/esbuild/-/esbuild-0.14.38.tgz#99526b778cd9f35532955e26e1709a16cca2fb30"
  integrity sha512-12fzJ0fsm7gVZX1YQ1InkOE5f9Tl7cgf6JPYXRJtPIoE0zkWAbHdPHVPPaLi9tYAcEBqheGzqLn/3RdTOyBfcA==
  optionalDependencies:
    esbuild-android-64 "0.14.38"
    esbuild-android-arm64 "0.14.38"
    esbuild-darwin-64 "0.14.38"
    esbuild-darwin-arm64 "0.14.38"
    esbuild-freebsd-64 "0.14.38"
    esbuild-freebsd-arm64 "0.14.38"
    esbuild-linux-32 "0.14.38"
    esbuild-linux-64 "0.14.38"
    esbuild-linux-arm "0.14.38"
    esbuild-linux-arm64 "0.14.38"
    esbuild-linux-mips64le "0.14.38"
    esbuild-linux-ppc64le "0.14.38"
    esbuild-linux-riscv64 "0.14.38"
    esbuild-linux-s390x "0.14.38"
    esbuild-netbsd-64 "0.14.38"
    esbuild-openbsd-64 "0.14.38"
    esbuild-sunos-64 "0.14.38"
    esbuild-windows-32 "0.14.38"
    esbuild-windows-64 "0.14.38"
    esbuild-windows-arm64 "0.14.38"

estree-walker@^1.0.1:
  version "1.0.1"
  resolved "https://registry.yarnpkg.com/estree-walker/-/estree-walker-1.0.1.tgz#31bc5d612c96b704106b477e6dd5d8aa138cb700"
  integrity sha512-1fMXF3YP4pZZVozF8j/ZLfvnR8NSIljt56UhbZ5PeeDmmGHpgpdwQt7ITlGvYaQukCvuBRMLEiKiYC+oeIg4cg==

estree-walker@^2.0.2:
  version "2.0.2"
  resolved "https://registry.yarnpkg.com/estree-walker/-/estree-walker-2.0.2.tgz#52f010178c2a4c117a7757cfe942adb7d2da4cac"
  integrity sha512-Rfkk/Mp/DL7JVje3u18FxFujQlTNR2q6QfMSMB7AvCBx91NGj/ba3kCfza0f6dVDbw7YlRf/nDrn7pQrCCyQ/w==

evtd@^0.2.2, evtd@^0.2.3:
  version "0.2.3"
  resolved "https://registry.yarnpkg.com/evtd/-/evtd-0.2.3.tgz#185158d533b4440ee831a0fa0cffde16e8bda504"
  integrity sha512-tmiT1YUVqFjTY+BSBOAskL83xNx41iUfpvKP6Gcd/xMHjg3mnER98jXGXJyKnxCG19uPc6EhZiUC+MUyvoqCtw==

fast-deep-equal@^3.1.1:
  version "3.1.3"
  resolved "https://registry.yarnpkg.com/fast-deep-equal/-/fast-deep-equal-3.1.3.tgz#3a7d56b559d6cbc3eb512325244e619a65c6c525"
  integrity sha512-f3qQ9oQy9j2AhBe/H9VC91wLmKBCCU/gDOnKNAYG5hswO7BLKj09Hc5HYNz9cGI++xlpDCIgDaitVs03ATR84Q==

fast-json-stable-stringify@^2.0.0:
  version "2.1.0"
  resolved "https://registry.yarnpkg.com/fast-json-stable-stringify/-/fast-json-stable-stringify-2.1.0.tgz#874bf69c6f404c2b5d99c481341399fd55892633"
  integrity sha512-lhd/wF+Lk98HZoTCtlVraHtfh5XYijIjalXck7saUtuanSDyLMxnHhSXEDJqHxD7msR8D0uCmqlkwjCV8xvwHw==

fill-range@^7.0.1:
  version "7.0.1"
  resolved "https://registry.yarnpkg.com/fill-range/-/fill-range-7.0.1.tgz#1919a6a7c75fe38b2c7c77e5198535da9acdda40"
  integrity sha512-qOo9F+dMUmC2Lcb4BbVvnKJxTPjCm+RRpe4gDuGrzkL7mEVl/djYSu2OdQ2Pa302N4oqkSg9ir6jaLWJ2USVpQ==
  dependencies:
    to-regex-range "^5.0.1"

fsevents@~2.3.2:
  version "2.3.2"
  resolved "https://registry.yarnpkg.com/fsevents/-/fsevents-2.3.2.tgz#8a526f78b8fdf4623b709e0b975c52c24c02fd1a"
  integrity sha512-xiqMQR4xAeHTuB9uWm+fFRcIOgKBMiOBP+eXiyT7jsgVCq1bkVygt00oASowB7EdtpOHaaPgKt812P9ab+DDKA==

function-bind@^1.1.1:
  version "1.1.1"
  resolved "https://registry.yarnpkg.com/function-bind/-/function-bind-1.1.1.tgz#a56899d3ea3c9bab874bb9773b7c5ede92f4895d"
  integrity sha512-yIovAzMX49sF8Yl58fSCWJ5svSLuaibPxXQJFLmBObTuCr0Mf1KiPopGM9NiFjiYBCbfaa2Fh6breQ6ANVTI0A==

glob-parent@~5.1.2:
  version "5.1.2"
  resolved "https://registry.yarnpkg.com/glob-parent/-/glob-parent-5.1.2.tgz#869832c58034fe68a4093c17dc15e8340d8401c4"
  integrity sha512-AOIgSQCepiJYwP3ARnGx+5VnTu2HBYdzbGP45eLw1vr3zB3vZLeyed1sC9hnbcOc9/SrMyM5RPQrkGz4aS9Zow==
  dependencies:
    is-glob "^4.0.1"

has-flag@^4.0.0:
  version "4.0.0"
  resolved "https://registry.yarnpkg.com/has-flag/-/has-flag-4.0.0.tgz#944771fd9c81c81265c4d6941860da06bb59479b"
  integrity sha512-EykJT/Q1KjTWctppgIAgfSO0tKVuZUjhgMr17kqTumMl6Afv3EISleU7qZUzoXDFTAHTDC4NOoG/ZxU3EvlMPQ==

has@^1.0.3:
  version "1.0.3"
  resolved "https://registry.yarnpkg.com/has/-/has-1.0.3.tgz#722d7cbfc1f6aa8241f16dd814e011e1f41e8796"
  integrity sha512-f2dvO0VU6Oej7RkWJGrehjbzMAjFp5/VKPp5tTpWIV4JHHZK1/BxbFRtf/siA2SWTe09caDmVtYYzWEIbBS4zw==
  dependencies:
    function-bind "^1.1.1"

highlight.js@^11.5.0:
  version "11.5.1"
  resolved "https://registry.yarnpkg.com/highlight.js/-/highlight.js-11.5.1.tgz#027c24e4509e2f4dcd00b4a6dda542ce0a1f7aea"
  integrity sha512-LKzHqnxr4CrD2YsNoIf/o5nJ09j4yi/GcH5BnYz9UnVpZdS4ucMgvP61TDty5xJcFGRjnH4DpujkS9bHT3hq0Q==

iconv-lite@^0.6.2:
  version "0.6.3"
  resolved "https://registry.yarnpkg.com/iconv-lite/-/iconv-lite-0.6.3.tgz#a52f80bf38da1952eb5c681790719871a1a72501"
  integrity sha512-4fCk79wshMdzMp2rH06qWrJE4iolqLhCUH+OiuIgU++RB0+94NlDL81atO7GX55uUKueo0txHNtvEyI6D7WdMw==
  dependencies:
    safer-buffer ">= 2.1.2 < 3.0.0"

immutable@^4.0.0:
  version "4.0.0"
  resolved "https://registry.yarnpkg.com/immutable/-/immutable-4.0.0.tgz#b86f78de6adef3608395efb269a91462797e2c23"
  integrity sha512-zIE9hX70qew5qTUjSS7wi1iwj/l7+m54KWU247nhM3v806UdGj1yDndXj+IOYxxtW9zyLI+xqFNZjTuDaLUqFw==

is-binary-path@~2.1.0:
  version "2.1.0"
  resolved "https://registry.yarnpkg.com/is-binary-path/-/is-binary-path-2.1.0.tgz#ea1f7f3b80f064236e83470f86c09c254fb45b09"
  integrity sha512-ZMERYes6pDydyuGidse7OsHxtbI7WVeUEozgR/g7rd0xUimYNlvZRE/K2MgZTjWy725IfelLeVcEM97mmtRGXw==
  dependencies:
    binary-extensions "^2.0.0"

is-core-module@^2.8.1:
  version "2.9.0"
  resolved "https://registry.yarnpkg.com/is-core-module/-/is-core-module-2.9.0.tgz#e1c34429cd51c6dd9e09e0799e396e27b19a9c69"
  integrity sha512-+5FPy5PnwmO3lvfMb0AsoPaBG+5KHUI0wYFXOtYPnVVVspTFUuMZNfNaNVRt3FZadstu2c8x23vykRW/NBoU6A==
  dependencies:
    has "^1.0.3"

is-extglob@^2.1.1:
  version "2.1.1"
  resolved "https://registry.yarnpkg.com/is-extglob/-/is-extglob-2.1.1.tgz#a88c02535791f02ed37c76a1b9ea9773c833f8c2"
  integrity sha1-qIwCU1eR8C7TfHahueqXc8gz+MI=

is-glob@^4.0.1, is-glob@~4.0.1:
  version "4.0.3"
  resolved "https://registry.yarnpkg.com/is-glob/-/is-glob-4.0.3.tgz#64f61e42cbbb2eec2071a9dac0b28ba1e65d5084"
  integrity sha512-xelSayHH36ZgE7ZWhli7pW34hNbNl8Ojv5KVmkJD4hBdD3th8Tfk9vYasLM+mXWOZhFkgZfxhLSnrwRr4elSSg==
  dependencies:
    is-extglob "^2.1.1"

is-number@^7.0.0:
  version "7.0.0"
  resolved "https://registry.yarnpkg.com/is-number/-/is-number-7.0.0.tgz#7535345b896734d5f80c4d06c50955527a14f12b"
  integrity sha512-41Cifkg6e8TylSpdtTpeLVMqvSBEVzTttHvERD741+pnZ8ANv0004MRL43QKPDlK9cGvNp6NZWZUBlbGXYxxng==

jest-diff@^27.5.1:
  version "27.5.1"
  resolved "https://registry.yarnpkg.com/jest-diff/-/jest-diff-27.5.1.tgz#a07f5011ac9e6643cf8a95a462b7b1ecf6680def"
  integrity sha512-m0NvkX55LDt9T4mctTEgnZk3fmEg3NRYutvMPWM/0iPnkFj2wIeF45O1718cMSOFO1vINkqmxqD8vE37uTEbqw==
  dependencies:
    chalk "^4.0.0"
    diff-sequences "^27.5.1"
    jest-get-type "^27.5.1"
    pretty-format "^27.5.1"

jest-get-type@^27.5.1:
  version "27.5.1"
  resolved "https://registry.yarnpkg.com/jest-get-type/-/jest-get-type-27.5.1.tgz#3cd613c507b0f7ace013df407a1c1cd578bcb4f1"
  integrity sha512-2KY95ksYSaK7DMBWQn6dQz3kqAf3BB64y2udeG+hv4KfSOb9qwcYQstTJc1KCbsix+wLZWZYN8t7nwX3GOBLRw==

jest-matcher-utils@^27.0.0:
  version "27.5.1"
  resolved "https://registry.yarnpkg.com/jest-matcher-utils/-/jest-matcher-utils-27.5.1.tgz#9c0cdbda8245bc22d2331729d1091308b40cf8ab"
  integrity sha512-z2uTx/T6LBaCoNWNFWwChLBKYxTMcGBRjAt+2SbP929/Fflb9aa5LGma654Rz8z9HLxsrUaYzxE9T/EFIL/PAw==
  dependencies:
    chalk "^4.0.0"
    jest-diff "^27.5.1"
    jest-get-type "^27.5.1"
    pretty-format "^27.5.1"

js-base64@^3.7.2:
  version "3.7.2"
  resolved "https://registry.yarnpkg.com/js-base64/-/js-base64-3.7.2.tgz#816d11d81a8aff241603d19ce5761e13e41d7745"
  integrity sha512-NnRs6dsyqUXejqk/yv2aiXlAvOs56sLkX6nUdeaNezI5LFFLlsZjOThmwnrcwh5ZZRwZlCMnVAY3CvhIhoVEKQ==

json-schema-traverse@^0.4.1:
  version "0.4.1"
  resolved "https://registry.yarnpkg.com/json-schema-traverse/-/json-schema-traverse-0.4.1.tgz#69f6a87d9513ab8bb8fe63bdb0979c448e684660"
  integrity sha512-xbbCH5dCYU5T8LcEhhuh7HJ88HXuW3qsI3Y0zOZFKfZEHcpWiHU/Jxzk629Brsab/mMiHQti9wMP+845RPe3Vg==

lodash-es@^4.17.21:
  version "4.17.21"
  resolved "https://registry.yarnpkg.com/lodash-es/-/lodash-es-4.17.21.tgz#43e626c46e6591b7750beb2b50117390c609e3ee"
  integrity sha512-mKnC+QJ9pWVzv+C4/U3rRsHapFfHvQFoFB92e52xeyGMcX6/OlIl78je1u8vePzYZSkkogMPJ2yjxxsb89cxyw==

lodash@^4.17.21:
  version "4.17.21"
  resolved "https://registry.yarnpkg.com/lodash/-/lodash-4.17.21.tgz#679591c564c3bffaae8454cf0b3df370c3d6911c"
  integrity sha512-v2kDEe57lecTulaDIuNTPy3Ry4gLGJ6Z1O3vE1krgXZNrsQ+LFTGHVxVjcXPs17LhbZVGedAJv8XZ1tvj5FvSg==

magic-string@^0.25.7:
  version "0.25.9"
  resolved "https://registry.yarnpkg.com/magic-string/-/magic-string-0.25.9.tgz#de7f9faf91ef8a1c91d02c2e5314c8277dbcdd1c"
  integrity sha512-RmF0AsMzgt25qzqqLc1+MbHmhdx0ojF2Fvs4XnOqz2ZOBXzzkEwc/dJQZCYHAn7v1jbVOjAZfK8msRn4BxO4VQ==
  dependencies:
    sourcemap-codec "^1.4.8"

naive-ui@^2.28.1:
  version "2.28.2"
  resolved "https://registry.yarnpkg.com/naive-ui/-/naive-ui-2.28.2.tgz#266995e5f1e2c126b3de3152da1c3ed55009b207"
  integrity sha512-7vRmTZ+2L8Bo62FAfQHLiQPm4HO1u/sPo/4qy2Iy48UrtCh5FhoxbnCxQO+pRqVNafmnY8TDB+qJ3WiGGYmg1A==
  dependencies:
    "@css-render/plugin-bem" "^0.15.9"
    "@css-render/vue3-ssr" "^0.15.9"
    "@types/lodash" "^4.14.181"
    "@types/lodash-es" "^4.17.6"
    async-validator "^4.0.7"
    css-render "^0.15.9"
    date-fns "^2.28.0"
    date-fns-tz "^1.3.3"
    evtd "^0.2.3"
    highlight.js "^11.5.0"
    lodash "^4.17.21"
    lodash-es "^4.17.21"
    seemly "^0.3.3"
    treemate "^0.3.11"
    vdirs "^0.1.8"
    vfonts "^0.0.3"
    vooks "^0.2.12"
    vueuc "^0.4.32"

nanoid@^3.3.4:
  version "3.3.4"
  resolved "https://registry.yarnpkg.com/nanoid/-/nanoid-3.3.4.tgz#730b67e3cd09e2deacf03c027c81c9d9dbc5e8ab"
  integrity sha512-MqBkQh/OHTS2egovRtLk45wEyNXwF+cokD+1YPf9u5VfJiRdAiRwB2froX5Co9Rh20xs4siNPm8naNotSD6RBw==

node-fetch@^2.6.7:
  version "2.6.7"
  resolved "https://registry.yarnpkg.com/node-fetch/-/node-fetch-2.6.7.tgz#24de9fba827e3b4ae44dc8b20256a379160052ad"
  integrity sha512-ZjMPFEfVx5j+y2yF35Kzx5sF7kDzxuDj6ziH4FFbOp87zKDZNx8yExJIb05OGF4Nlt9IHFIMBkRl41VdvcNdbQ==
  dependencies:
    whatwg-url "^5.0.0"

normalize-path@^3.0.0, normalize-path@~3.0.0:
  version "3.0.0"
  resolved "https://registry.yarnpkg.com/normalize-path/-/normalize-path-3.0.0.tgz#0dcd69ff23a1c9b11fd0978316644a0388216a65"
  integrity sha512-6eZs5Ls3WtCisHWp9S2GUy8dqkpGi4BVSz3GaqiE6ezub0512ESztXUwUB6C6IKbQkY2Pnb/mD4WYojCRwcwLA==

path-parse@^1.0.7:
  version "1.0.7"
  resolved "https://registry.yarnpkg.com/path-parse/-/path-parse-1.0.7.tgz#fbc114b60ca42b30d9daf5858e4bd68bbedb6735"
  integrity sha512-LDJzPVEEEPR+y48z93A0Ed0yXb8pAByGWo/k5YYdYgpY2/2EsOsksJrq7lOHxryrVOn1ejG6oAp8ahvOIQD8sw==

picocolors@^1.0.0:
  version "1.0.0"
  resolved "https://registry.yarnpkg.com/picocolors/-/picocolors-1.0.0.tgz#cb5bdc74ff3f51892236eaf79d68bc44564ab81c"
  integrity sha512-1fygroTLlHu66zi26VoTDv8yRgm0Fccecssto+MhsZ0D/DGW2sm8E8AjW7NU5VVTRt5GxbeZ5qBuJr+HyLYkjQ==

picomatch@^2.0.4, picomatch@^2.2.1, picomatch@^2.2.2:
  version "2.3.1"
  resolved "https://registry.yarnpkg.com/picomatch/-/picomatch-2.3.1.tgz#3ba3833733646d9d3e4995946c1365a67fb07a42"
  integrity sha512-JU3teHTNjmE2VCGFzuY8EXzCDVwEqB2a8fsIvwaStHhAWJEeVd1o1QD80CU6+ZdEXXSLbSsuLwJjkCBWqRQUVA==

postcss@^8.1.10, postcss@^8.4.13:
  version "8.4.16"
  resolved "https://registry.yarnpkg.com/postcss/-/postcss-8.4.16.tgz#33a1d675fac39941f5f445db0de4db2b6e01d43c"
  integrity sha512-ipHE1XBvKzm5xI7hiHCZJCSugxvsdq2mPnsq5+UF+VHCjiBvtDrlxJfMBToWaP9D5XlgNmcFGqoHmUn0EYEaRQ==
  dependencies:
    nanoid "^3.3.4"
    picocolors "^1.0.0"
    source-map-js "^1.0.2"

pretty-format@^27.0.0, pretty-format@^27.5.1:
  version "27.5.1"
  resolved "https://registry.yarnpkg.com/pretty-format/-/pretty-format-27.5.1.tgz#2181879fdea51a7a5851fb39d920faa63f01d88e"
  integrity sha512-Qb1gy5OrP5+zDf2Bvnzdl3jsTf1qXVMazbvCoKhtKqVs4/YK4ozX4gKQJJVyNe+cajNPn0KoC0MC3FUmaHWEmQ==
  dependencies:
    ansi-regex "^5.0.1"
    ansi-styles "^5.0.0"
    react-is "^17.0.1"

punycode@^2.1.0:
  version "2.1.1"
  resolved "https://registry.yarnpkg.com/punycode/-/punycode-2.1.1.tgz#b58b010ac40c22c5657616c8d2c2c02c7bf479ec"
  integrity sha512-XRsRjdf+j5ml+y/6GKHPZbrF/8p2Yga0JPtdqTIY2Xe5ohJPD9saDJJLPvp9+NSBprVvevdXZybnj2cv8OEd0A==

react-is@^17.0.1:
  version "17.0.2"
  resolved "https://registry.yarnpkg.com/react-is/-/react-is-17.0.2.tgz#e691d4a8e9c789365655539ab372762b0efb54f0"
  integrity sha512-w2GsyukL62IJnlaff/nRegPQR94C/XXamvMWmSHRJ4y7Ts/4ocGRmTHvOs8PSE6pB3dWOrD/nueuU5sduBsQ4w==

readdirp@~3.6.0:
  version "3.6.0"
  resolved "https://registry.yarnpkg.com/readdirp/-/readdirp-3.6.0.tgz#74a370bd857116e245b29cc97340cd431a02a6c7"
  integrity sha512-hOS089on8RduqdbhvQ5Z37A0ESjsqz6qnRcffsMU3495FuTdqSm+7bhJ29JvIOsBDEEnan5DPu9t3To9VRlMzA==
  dependencies:
    picomatch "^2.2.1"

resolve@^1.22.0:
  version "1.22.0"
  resolved "https://registry.yarnpkg.com/resolve/-/resolve-1.22.0.tgz#5e0b8c67c15df57a89bdbabe603a002f21731198"
  integrity sha512-Hhtrw0nLeSrFQ7phPp4OOcVjLPIeMnRlr5mcnVuMe7M/7eBn98A3hmFRLoFo3DLZkivSYwhRUJTyPyWAk56WLw==
  dependencies:
    is-core-module "^2.8.1"
    path-parse "^1.0.7"
    supports-preserve-symlinks-flag "^1.0.0"

"rollup@>=2.59.0 <2.78.0":
  version "2.77.3"
  resolved "https://registry.yarnpkg.com/rollup/-/rollup-2.77.3.tgz#8f00418d3a2740036e15deb653bed1a90ee0cc12"
  integrity sha512-/qxNTG7FbmefJWoeeYJFbHehJ2HNWnjkAFRKzWN/45eNBBF/r8lo992CwcJXEzyVxs5FmfId+vTSTQDb+bxA+g==
  optionalDependencies:
    fsevents "~2.3.2"

"safer-buffer@>= 2.1.2 < 3.0.0":
  version "2.1.2"
  resolved "https://registry.yarnpkg.com/safer-buffer/-/safer-buffer-2.1.2.tgz#44fa161b0187b9549dd84bb91802f9bd8385cd6a"
  integrity sha512-YZo3K82SD7Riyi0E1EQPojLz7kpepnSQI9IyPbHHg1XXXevb5dJI7tpyN2ADxGcQbHG7vcyRHk0cbwqcQriUtg==

sass@^1.50.0:
  version "1.51.0"
  resolved "https://registry.yarnpkg.com/sass/-/sass-1.51.0.tgz#25ea36cf819581fe1fe8329e8c3a4eaaf70d2845"
  integrity sha512-haGdpTgywJTvHC2b91GSq+clTKGbtkkZmVAb82jZQN/wTy6qs8DdFm2lhEQbEwrY0QDRgSQ3xDurqM977C3noA==
  dependencies:
    chokidar ">=3.0.0 <4.0.0"
    immutable "^4.0.0"
    source-map-js ">=0.6.2 <2.0.0"

seemly@^0.3.1, seemly@^0.3.3:
  version "0.3.3"
  resolved "https://registry.yarnpkg.com/seemly/-/seemly-0.3.3.tgz#a6482f374e042f873f63dc7622cb1529c251574e"
  integrity sha512-mAyqemz41e9HiZPMXAn7NtTExJgztwco5cdZjrt/iViU/oFeav+Q8K1c93M/tIZZ00QkT65JMr4xXQk7Vv5hWQ==
  dependencies:
    "@types/jest" "^27.0.1"

"source-map-js@>=0.6.2 <2.0.0", source-map-js@^1.0.2:
  version "1.0.2"
  resolved "https://registry.yarnpkg.com/source-map-js/-/source-map-js-1.0.2.tgz#adbc361d9c62df380125e7f161f71c826f1e490c"
  integrity sha512-R0XvVJ9WusLiqTCEiGCmICCMplcCkIwwR11mOSD9CR5u+IXYdiseeEuXCVAjS54zqwkLcPNnmU4OeJ6tUrWhDw==

source-map@^0.6.1:
  version "0.6.1"
  resolved "https://registry.yarnpkg.com/source-map/-/source-map-0.6.1.tgz#74722af32e9614e9c287a8d0bbde48b5e2f1a263"
  integrity sha512-UjgapumWlbMhkBgzT7Ykc5YXUT46F0iKu8SGXq0bcwP5dz/h0Plj6enJqjz1Zbq2l5WaqYnrVbwWOWMyF3F47g==

sourcemap-codec@^1.4.8:
  version "1.4.8"
  resolved "https://registry.yarnpkg.com/sourcemap-codec/-/sourcemap-codec-1.4.8.tgz#ea804bd94857402e6992d05a38ef1ae35a9ab4c4"
  integrity sha512-9NykojV5Uih4lgo5So5dtw+f0JgJX30KCNI8gwhz2J9A15wD0Ml6tjHKwf6fTSa6fAdVBdZeNOs9eJ71qCk8vA==

supports-color@^7.1.0:
  version "7.2.0"
  resolved "https://registry.yarnpkg.com/supports-color/-/supports-color-7.2.0.tgz#1b7dcdcb32b8138801b3e478ba6a51caa89648da"
  integrity sha512-qpCAvRl9stuOHveKsn7HncJRvv501qIacKzQlO/+Lwxc9+0q2wLyv4Dfvt80/DPn2pqOBsJdDiogXGR9+OvwRw==
  dependencies:
    has-flag "^4.0.0"

supports-preserve-symlinks-flag@^1.0.0:
  version "1.0.0"
  resolved "https://registry.yarnpkg.com/supports-preserve-symlinks-flag/-/supports-preserve-symlinks-flag-1.0.0.tgz#6eda4bd344a3c94aea376d4cc31bc77311039e09"
  integrity sha512-ot0WnXS9fgdkgIcePe6RHNk1WA8+muPa6cSjeR3V8K27q9BB1rTE3R1p7Hv0z1ZyAc8s6Vvv8DIyWf681MAt0w==

to-regex-range@^5.0.1:
  version "5.0.1"
  resolved "https://registry.yarnpkg.com/to-regex-range/-/to-regex-range-5.0.1.tgz#1648c44aae7c8d988a326018ed72f5b4dd0392e4"
  integrity sha512-65P7iz6X5yEr1cwcgvQxbbIw7Uk3gOy5dIdtZ4rDveLqhrdJP+Li/Hx6tyK0NEb+2GCyneCMJiGqrADCSNk8sQ==
  dependencies:
    is-number "^7.0.0"

tr46@~0.0.3:
  version "0.0.3"
  resolved "https://registry.yarnpkg.com/tr46/-/tr46-0.0.3.tgz#8184fd347dac9cdc185992f3a6622e14b9d9ab6a"
  integrity sha1-gYT9NH2snNwYWZLzpmIuFLnZq2o=

treemate@^0.3.11:
  version "0.3.11"
  resolved "https://registry.yarnpkg.com/treemate/-/treemate-0.3.11.tgz#7d52f8f69ab9ce326f8d139e0a3d1ffb25e48222"
  integrity sha512-M8RGFoKtZ8dF+iwJfAJTOH/SM4KluKOKRJpjCMhI8bG3qB74zrFoArKZ62ll0Fr3mqkMJiQOmWYkdYgDeITYQg==

type-fest@2.12.2:
  version "2.12.2"
  resolved "https://registry.yarnpkg.com/type-fest/-/type-fest-2.12.2.tgz#80a53614e6b9b475eb9077472fb7498dc7aa51d0"
  integrity sha512-qt6ylCGpLjZ7AaODxbpyBZSs9fCI9SkL3Z9q2oxMBQhs/uyY+VD8jHA8ULCGmWQJlBgqvO3EJeAngOHD8zQCrQ==

uri-js@^4.2.2:
  version "4.4.1"
  resolved "https://registry.yarnpkg.com/uri-js/-/uri-js-4.4.1.tgz#9b1a52595225859e55f669d928f88c6c57f2a77e"
  integrity sha512-7rKUyy33Q1yc98pQ1DAmLtwX109F7TIfWlW1Ydo8Wl1ii1SeHieeh0HHfPeL2fMXK6z0s8ecKs9frCuLJvndBg==
  dependencies:
    punycode "^2.1.0"

vdirs@^0.1.4, vdirs@^0.1.8:
  version "0.1.8"
  resolved "https://registry.yarnpkg.com/vdirs/-/vdirs-0.1.8.tgz#a103bc43baca738f8dea912a7e9737154a19dbc2"
  integrity sha512-H9V1zGRLQZg9b+GdMk8MXDN2Lva0zx72MPahDKc30v+DtwKjfyOSXWRIX4t2mhDubM1H09gPhWeth/BJWPHGUw==
  dependencies:
    evtd "^0.2.2"

vfonts@^0.0.3:
  version "0.0.3"
  resolved "https://registry.yarnpkg.com/vfonts/-/vfonts-0.0.3.tgz#999d66fecea18efee3f2b966c81101ae8ce01a29"
  integrity sha512-nguyw8L6Un8eelg1vQ31vIU2ESxqid7EYmy8V+MDeMaHBqaRSkg3dTBToC1PR00D89UzS/SLkfYPnx0Wf23IQQ==

vite@^2.9.16:
  version "2.9.16"
  resolved "https://registry.yarnpkg.com/vite/-/vite-2.9.16.tgz#daf7ba50f5cc37a7bf51b118ba06bc36e97898e9"
  integrity sha512-X+6q8KPyeuBvTQV8AVSnKDvXoBMnTx8zxh54sOwmmuOdxkjMmEJXH2UEchA+vTMps1xw9vL64uwJOWryULg7nA==
  dependencies:
    esbuild "^0.14.27"
    postcss "^8.4.13"
    resolve "^1.22.0"
    rollup ">=2.59.0 <2.78.0"
  optionalDependencies:
    fsevents "~2.3.2"

vooks@^0.2.12, vooks@^0.2.4:
  version "0.2.12"
  resolved "https://registry.yarnpkg.com/vooks/-/vooks-0.2.12.tgz#2b6e23330b77bac81c7f7a344c4ca3e9f4f6c373"
  integrity sha512-iox0I3RZzxtKlcgYaStQYKEzWWGAduMmq+jS7OrNdQo1FgGfPMubGL3uGHOU9n97NIvfFDBGnpSvkWyb/NSn/Q==
  dependencies:
    evtd "^0.2.2"

vue-router@4:
  version "4.0.14"
  resolved "https://registry.yarnpkg.com/vue-router/-/vue-router-4.0.14.tgz#ce2028c1c5c33e30c7287950c973f397fce1bd65"
  integrity sha512-wAO6zF9zxA3u+7AkMPqw9LjoUCjSxfFvINQj3E/DceTt6uEz1XZLraDhdg2EYmvVwTBSGlLYsUw8bDmx0754Mw==
  dependencies:
    "@vue/devtools-api" "^6.0.0"

vue@^3.2.25:
  version "3.2.33"
  resolved "https://registry.yarnpkg.com/vue/-/vue-3.2.33.tgz#7867eb16a3293a28c4d190a837bc447878bd64c2"
  integrity sha512-si1ExAlDUrLSIg/V7D/GgA4twJwfsfgG+t9w10z38HhL/HA07132pUQ2KuwAo8qbCyMJ9e6OqrmWrOCr+jW7ZQ==
  dependencies:
    "@vue/compiler-dom" "3.2.33"
    "@vue/compiler-sfc" "3.2.33"
    "@vue/runtime-dom" "3.2.33"
    "@vue/server-renderer" "3.2.33"
    "@vue/shared" "3.2.33"

vueuc@^0.4.32:
  version "0.4.32"
  resolved "https://registry.yarnpkg.com/vueuc/-/vueuc-0.4.32.tgz#6c239280c36816424e7ebf42c6151fff821211ff"
  integrity sha512-Bmiuhn7g5O+dzW3eX2EghsG7CiocpLwRtgbX7aiILja9K0wjxVYrJqMOiYwCxB6pvO91JDywwINpFshMZru9/g==
  dependencies:
    "@css-render/vue3-ssr" "^0.15.7"
    "@juggle/resize-observer" "^3.3.1"
    css-render "^0.15.7"
    evtd "^0.2.2"
    seemly "^0.3.1"
    vdirs "^0.1.4"
    vooks "^0.2.4"

webidl-conversions@^3.0.0:
  version "3.0.1"
  resolved "https://registry.yarnpkg.com/webidl-conversions/-/webidl-conversions-3.0.1.tgz#24534275e2a7bc6be7bc86611cc16ae0a5654871"
  integrity sha1-JFNCdeKnvGvnvIZhHMFq4KVlSHE=

whatwg-url@^5.0.0:
  version "5.0.0"
  resolved "https://registry.yarnpkg.com/whatwg-url/-/whatwg-url-5.0.0.tgz#966454e8765462e37644d3626f6742ce8b70965d"
  integrity sha1-lmRU6HZUYuN2RNNib2dCzotwll0=
  dependencies:
    tr46 "~0.0.3"
    webidl-conversions "^3.0.0"
